
Microsoft Visual Studio Solution File, Format Version 12.00
# Visual Studio Version 17
VisualStudioVersion = 17.12.35707.178 d17.12
MinimumVisualStudioVersion = 10.0.40219.1
Project("{FAE04EC0-301F-11D3-BF4B-00C04F79EFBC}") = "FintechWebAPI", "FintechWebAPI\FintechWebAPI.csproj", "{6F81C518-B0A1-4CBE-97C4-5C9F278828C4}"
EndProject
Project("{FAE04EC0-301F-11D3-BF4B-00C04F79EFBC}") = "FintechLibrary", "FintechLibrary\FintechLibrary.csproj", "{2655C72C-DFAC-4F24-B3AB-120B08442EC6}"
EndProject
Project("{FAE04EC0-301F-11D3-BF4B-00C04F79EFBC}") = "FintechMvc", "FintechMvc\FintechMvc.csproj", "{A5DDFAD2-2CA3-4FD9-8FF0-0C4C069DB92C}"
EndProject
Global
	GlobalSection(SolutionConfigurationPlatforms) = preSolution
		Debug|Any CPU = Debug|Any CPU
		Release|Any CPU = Release|Any CPU
	EndGlobalSection
	GlobalSection(ProjectConfigurationPlatforms) = postSolution
		{6F81C518-B0A1-4CBE-97C4-5C9F278828C4}.Debug|Any CPU.ActiveCfg = Debug|Any CPU
		{6F81C518-B0A1-4CBE-97C4-5C9F278828C4}.Debug|Any CPU.Build.0 = Debug|Any CPU
		{6F81C518-B0A1-4CBE-97C4-5C9F278828C4}.Release|Any CPU.ActiveCfg = Release|Any CPU
		{6F81C518-B0A1-4CBE-97C4-5C9F278828C4}.Release|Any CPU.Build.0 = Release|Any CPU
		{2655C72C-DFAC-4F24-B3AB-120B08442EC6}.Debug|Any CPU.ActiveCfg = Debug|Any CPU
		{2655C72C-DFAC-4F24-B3AB-120B08442EC6}.Debug|Any CPU.Build.0 = Debug|Any CPU
		{2655C72C-DFAC-4F24-B3AB-120B08442EC6}.Release|Any CPU.ActiveCfg = Release|Any CPU
		{2655C72C-DFAC-4F24-B3AB-120B08442EC6}.Release|Any CPU.Build.0 = Release|Any CPU
		{A5DDFAD2-2CA3-4FD9-8FF0-0C4C069DB92C}.Debug|Any CPU.ActiveCfg = Debug|Any CPU
		{A5DDFAD2-2CA3-4FD9-8FF0-0C4C069DB92C}.Debug|Any CPU.Build.0 = Debug|Any CPU
		{A5DDFAD2-2CA3-4FD9-8FF0-0C4C069DB92C}.Release|Any CPU.ActiveCfg = Release|Any CPU
		{A5DDFAD2-2CA3-4FD9-8FF0-0C4C069DB92C}.Release|Any CPU.Build.0 = Release|Any CPU
	EndGlobalSection
	GlobalSection(SolutionProperties) = preSolution
		HideSolutionNode = FALSE
	EndGlobalSection
EndGlobal
